
Microsoft Visual Studio Solution File, Format Version 12.00
# Visual Studio 15
VisualStudioVersion = 15.0.26228.4
MinimumVisualStudioVersion = 10.0.40219.1
Project("{FAE04EC0-301F-11D3-BF4B-00C04F79EFBC}") = "DTO", "DTO\DTO.csproj", "{CF5460D2-CB3A-46CF-8630-7A3CE6A942E4}"
EndProject
Project("{FAE04EC0-301F-11D3-BF4B-00C04F79EFBC}") = "Transacao", "Transacao\Transacao.csproj", "{6E880341-D1E1-4916-B5F3-B268F376D5BE}"
EndProject
Project("{FAE04EC0-301F-11D3-BF4B-00C04F79EFBC}") = "AcessoDados", "AcessoDados\AcessoDados.csproj", "{C979330F-7D6E-4D08-A0B8-59763D977766}"
EndProject
Project("{FAE04EC0-301F-11D3-BF4B-00C04F79EFBC}") = "AppWinForm", "AppWinForm\AppWinForm.csproj", "{A57AAAF9-40C1-47B5-B354-F62C3F63022B}"
EndProject
Project("{FAE04EC0-301F-11D3-BF4B-00C04F79EFBC}") = "Negocio", "Negocio\Negocio.csproj", "{EC2850EC-71C6-4D87-9588-61F6B382F13D}"
EndProject
Global
	GlobalSection(SolutionConfigurationPlatforms) = preSolution
		Debug|Any CPU = Debug|Any CPU
		Release|Any CPU = Release|Any CPU
	EndGlobalSection
	GlobalSection(ProjectConfigurationPlatforms) = postSolution
		{CF5460D2-CB3A-46CF-8630-7A3CE6A942E4}.Debug|Any CPU.ActiveCfg = Debug|Any CPU
		{CF5460D2-CB3A-46CF-8630-7A3CE6A942E4}.Debug|Any CPU.Build.0 = Debug|Any CPU
		{CF5460D2-CB3A-46CF-8630-7A3CE6A942E4}.Release|Any CPU.ActiveCfg = Release|Any CPU
		{CF5460D2-CB3A-46CF-8630-7A3CE6A942E4}.Release|Any CPU.Build.0 = Release|Any CPU
		{6E880341-D1E1-4916-B5F3-B268F376D5BE}.Debug|Any CPU.ActiveCfg = Debug|Any CPU
		{6E880341-D1E1-4916-B5F3-B268F376D5BE}.Debug|Any CPU.Build.0 = Debug|Any CPU
		{6E880341-D1E1-4916-B5F3-B268F376D5BE}.Release|Any CPU.ActiveCfg = Release|Any CPU
		{6E880341-D1E1-4916-B5F3-B268F376D5BE}.Release|Any CPU.Build.0 = Release|Any CPU
		{C979330F-7D6E-4D08-A0B8-59763D977766}.Debug|Any CPU.ActiveCfg = Debug|Any CPU
		{C979330F-7D6E-4D08-A0B8-59763D977766}.Debug|Any CPU.Build.0 = Debug|Any CPU
		{C979330F-7D6E-4D08-A0B8-59763D977766}.Release|Any CPU.ActiveCfg = Release|Any CPU
		{C979330F-7D6E-4D08-A0B8-59763D977766}.Release|Any CPU.Build.0 = Release|Any CPU
		{A57AAAF9-40C1-47B5-B354-F62C3F63022B}.Debug|Any CPU.ActiveCfg = Debug|Any CPU
		{A57AAAF9-40C1-47B5-B354-F62C3F63022B}.Debug|Any CPU.Build.0 = Debug|Any CPU
		{A57AAAF9-40C1-47B5-B354-F62C3F63022B}.Release|Any CPU.ActiveCfg = Release|Any CPU
		{A57AAAF9-40C1-47B5-B354-F62C3F63022B}.Release|Any CPU.Build.0 = Release|Any CPU
		{EC2850EC-71C6-4D87-9588-61F6B382F13D}.Debug|Any CPU.ActiveCfg = Debug|Any CPU
		{EC2850EC-71C6-4D87-9588-61F6B382F13D}.Debug|Any CPU.Build.0 = Debug|Any CPU
		{EC2850EC-71C6-4D87-9588-61F6B382F13D}.Release|Any CPU.ActiveCfg = Release|Any CPU
		{EC2850EC-71C6-4D87-9588-61F6B382F13D}.Release|Any CPU.Build.0 = Release|Any CPU
	EndGlobalSection
	GlobalSection(SolutionProperties) = preSolution
		HideSolutionNode = FALSE
	EndGlobalSection
	GlobalSection(ExtensibilityGlobals) = postSolution
		SolutionGuid = {0A66B54B-DC8E-43B7-98D1-5F0B7D050738}
	EndGlobalSection
EndGlobal
